
Microsoft Visual Studio Solution File, Format Version 12.00
# Visual Studio Version 17
VisualStudioVersion = 17.4.33205.214
MinimumVisualStudioVersion = 10.0.40219.1
Project("{FAE04EC0-301F-11D3-BF4B-00C04F79EFBC}") = "Selenium_consoleapp", "Selenium_consoleapp\Selenium_consoleapp.csproj", "{AF74CCB9-6EEB-4587-9A55-EE0588B4692C}"
EndProject
Global
	GlobalSection(SolutionConfigurationPlatforms) = preSolution
		Debug|Any CPU = Debug|Any CPU
		Release|Any CPU = Release|Any CPU
	EndGlobalSection
	GlobalSection(ProjectConfigurationPlatforms) = postSolution
		{AF74CCB9-6EEB-4587-9A55-EE0588B4692C}.Debug|Any CPU.ActiveCfg = Debug|Any CPU
		{AF74CCB9-6EEB-4587-9A55-EE0588B4692C}.Debug|Any CPU.Build.0 = Debug|Any CPU
		{AF74CCB9-6EEB-4587-9A55-EE0588B4692C}.Release|Any CPU.ActiveCfg = Release|Any CPU
		{AF74CCB9-6EEB-4587-9A55-EE0588B4692C}.Release|Any CPU.Build.0 = Release|Any CPU
	EndGlobalSection
	GlobalSection(SolutionProperties) = preSolution
		HideSolutionNode = FALSE
	EndGlobalSection
	GlobalSection(ExtensibilityGlobals) = postSolution
		SolutionGuid = {2270294F-84F2-4D9A-9068-F4B6A159679F}
	EndGlobalSection
EndGlobal
